<?xml version="1.0" encoding="UTF-8"?>
<Scheme
   version = "1.3">
   <BuildAction>
      <BuildActionEntries>
         <BuildActionEntry
            buildForRunning = "YES">
            <BuildableReference
               BuildableIdentifier = "primary"
               BlueprintIdentifier = "596DD0392731C577F4DC1786"
               BuildableName = "blockens-perspective"
               BlueprintName = "blockens-perspective"
               ReferencedContainer = "container:blockens-perspective.xcodeproj">
            </BuildableReference>
         </BuildActionEntry>
      </BuildActionEntries>
   </BuildAction>
   <LaunchAction
      useCustomWorkingDirectory = "NO"
      buildConfiguration = "Debug">
      <BuildableProductRunnable>
         <BuildableReference
            BuildableIdentifier = "primary"
            BlueprintIdentifier = "596DD0392731C577F4DC1786"
            BuildableName = "blockens-perspective"
            BlueprintName = "blockens-perspective"
            ReferencedContainer = "container:blockens-perspective.xcodeproj">
         </BuildableReference>
      </BuildableProductRunnable>
   </LaunchAction>
</Scheme>
